
Microsoft Visual Studio Solution File, Format Version 12.00
# Visual Studio 15
VisualStudioVersion = 15.0.27428.2037
MinimumVisualStudioVersion = 10.0.40219.1
Project("{8BC9CEB8-8B4A-11D0-8D11-00A0C91BC942}") = "Potekhina Vera - Object", "Potekhina Vera - Object\Potekhina Vera - Object.vcxproj", "{F1DB9E3F-0CF0-491E-A580-3ED9338B3730}"
EndProject
Global
	GlobalSection(SolutionConfigurationPlatforms) = preSolution
		Debug|x64 = Debug|x64
		Debug|x86 = Debug|x86
		Release|x64 = Release|x64
		Release|x86 = Release|x86
	EndGlobalSection
	GlobalSection(ProjectConfigurationPlatforms) = postSolution
		{F1DB9E3F-0CF0-491E-A580-3ED9338B3730}.Debug|x64.ActiveCfg = Debug|x64
		{F1DB9E3F-0CF0-491E-A580-3ED9338B3730}.Debug|x64.Build.0 = Debug|x64
		{F1DB9E3F-0CF0-491E-A580-3ED9338B3730}.Debug|x86.ActiveCfg = Debug|Win32
		{F1DB9E3F-0CF0-491E-A580-3ED9338B3730}.Debug|x86.Build.0 = Debug|Win32
		{F1DB9E3F-0CF0-491E-A580-3ED9338B3730}.Release|x64.ActiveCfg = Release|x64
		{F1DB9E3F-0CF0-491E-A580-3ED9338B3730}.Release|x64.Build.0 = Release|x64
		{F1DB9E3F-0CF0-491E-A580-3ED9338B3730}.Release|x86.ActiveCfg = Release|Win32
		{F1DB9E3F-0CF0-491E-A580-3ED9338B3730}.Release|x86.Build.0 = Release|Win32
	EndGlobalSection
	GlobalSection(SolutionProperties) = preSolution
		HideSolutionNode = FALSE
	EndGlobalSection
	GlobalSection(ExtensibilityGlobals) = postSolution
		SolutionGuid = {86D50BE4-961C-47AA-A9C4-FEEAB6EB819A}
	EndGlobalSection
EndGlobal
