
Microsoft Visual Studio Solution File, Format Version 12.00
# Visual Studio 15
VisualStudioVersion = 15.0.27428.2002
MinimumVisualStudioVersion = 10.0.40219.1
Project("{8BC9CEB8-8B4A-11D0-8D11-00A0C91BC942}") = "Potekhina Vera - Function deposit v.2", "Potekhina Vera - Function deposit v.2\Potekhina Vera - Function deposit v.2.vcxproj", "{D95D7ED6-0B42-41E8-9462-3ECF78B79B08}"
EndProject
Global
	GlobalSection(SolutionConfigurationPlatforms) = preSolution
		Debug|x64 = Debug|x64
		Debug|x86 = Debug|x86
		Release|x64 = Release|x64
		Release|x86 = Release|x86
	EndGlobalSection
	GlobalSection(ProjectConfigurationPlatforms) = postSolution
		{D95D7ED6-0B42-41E8-9462-3ECF78B79B08}.Debug|x64.ActiveCfg = Debug|x64
		{D95D7ED6-0B42-41E8-9462-3ECF78B79B08}.Debug|x64.Build.0 = Debug|x64
		{D95D7ED6-0B42-41E8-9462-3ECF78B79B08}.Debug|x86.ActiveCfg = Debug|Win32
		{D95D7ED6-0B42-41E8-9462-3ECF78B79B08}.Debug|x86.Build.0 = Debug|Win32
		{D95D7ED6-0B42-41E8-9462-3ECF78B79B08}.Release|x64.ActiveCfg = Release|x64
		{D95D7ED6-0B42-41E8-9462-3ECF78B79B08}.Release|x64.Build.0 = Release|x64
		{D95D7ED6-0B42-41E8-9462-3ECF78B79B08}.Release|x86.ActiveCfg = Release|Win32
		{D95D7ED6-0B42-41E8-9462-3ECF78B79B08}.Release|x86.Build.0 = Release|Win32
	EndGlobalSection
	GlobalSection(SolutionProperties) = preSolution
		HideSolutionNode = FALSE
	EndGlobalSection
	GlobalSection(ExtensibilityGlobals) = postSolution
		SolutionGuid = {760514B5-61B6-47D0-80C2-504090D4E0CF}
	EndGlobalSection
EndGlobal
