
Microsoft Visual Studio Solution File, Format Version 12.00
# Visual Studio 15
VisualStudioVersion = 15.0.27428.2037
MinimumVisualStudioVersion = 10.0.40219.1
Project("{8BC9CEB8-8B4A-11D0-8D11-00A0C91BC942}") = "Potekhina Vera - Quadratic equation", "Potekhina Vera - Quadratic equation\Potekhina Vera - Quadratic equation.vcxproj", "{4BFF198D-53E1-419F-8C9B-391CFD32FF84}"
EndProject
Global
	GlobalSection(SolutionConfigurationPlatforms) = preSolution
		Debug|x64 = Debug|x64
		Debug|x86 = Debug|x86
		Release|x64 = Release|x64
		Release|x86 = Release|x86
	EndGlobalSection
	GlobalSection(ProjectConfigurationPlatforms) = postSolution
		{4BFF198D-53E1-419F-8C9B-391CFD32FF84}.Debug|x64.ActiveCfg = Debug|x64
		{4BFF198D-53E1-419F-8C9B-391CFD32FF84}.Debug|x64.Build.0 = Debug|x64
		{4BFF198D-53E1-419F-8C9B-391CFD32FF84}.Debug|x86.ActiveCfg = Debug|Win32
		{4BFF198D-53E1-419F-8C9B-391CFD32FF84}.Debug|x86.Build.0 = Debug|Win32
		{4BFF198D-53E1-419F-8C9B-391CFD32FF84}.Release|x64.ActiveCfg = Release|x64
		{4BFF198D-53E1-419F-8C9B-391CFD32FF84}.Release|x64.Build.0 = Release|x64
		{4BFF198D-53E1-419F-8C9B-391CFD32FF84}.Release|x86.ActiveCfg = Release|Win32
		{4BFF198D-53E1-419F-8C9B-391CFD32FF84}.Release|x86.Build.0 = Release|Win32
	EndGlobalSection
	GlobalSection(SolutionProperties) = preSolution
		HideSolutionNode = FALSE
	EndGlobalSection
	GlobalSection(ExtensibilityGlobals) = postSolution
		SolutionGuid = {50B1BD76-CBD1-45DA-885A-FE9BD3CF84CE}
	EndGlobalSection
EndGlobal
