
Microsoft Visual Studio Solution File, Format Version 12.00
# Visual Studio 15
VisualStudioVersion = 15.0.28010.2003
MinimumVisualStudioVersion = 10.0.40219.1
Project("{8BC9CEB8-8B4A-11D0-8D11-00A0C91BC942}") = "Potekhina Vera - Binary search", "Potekhina Vera - Binary search\Potekhina Vera - Binary search.vcxproj", "{D4830B1C-55E5-4346-897D-EF3CE75A2631}"
EndProject
Global
	GlobalSection(SolutionConfigurationPlatforms) = preSolution
		Debug|x64 = Debug|x64
		Debug|x86 = Debug|x86
		Release|x64 = Release|x64
		Release|x86 = Release|x86
	EndGlobalSection
	GlobalSection(ProjectConfigurationPlatforms) = postSolution
		{D4830B1C-55E5-4346-897D-EF3CE75A2631}.Debug|x64.ActiveCfg = Debug|x64
		{D4830B1C-55E5-4346-897D-EF3CE75A2631}.Debug|x64.Build.0 = Debug|x64
		{D4830B1C-55E5-4346-897D-EF3CE75A2631}.Debug|x86.ActiveCfg = Debug|Win32
		{D4830B1C-55E5-4346-897D-EF3CE75A2631}.Debug|x86.Build.0 = Debug|Win32
		{D4830B1C-55E5-4346-897D-EF3CE75A2631}.Release|x64.ActiveCfg = Release|x64
		{D4830B1C-55E5-4346-897D-EF3CE75A2631}.Release|x64.Build.0 = Release|x64
		{D4830B1C-55E5-4346-897D-EF3CE75A2631}.Release|x86.ActiveCfg = Release|Win32
		{D4830B1C-55E5-4346-897D-EF3CE75A2631}.Release|x86.Build.0 = Release|Win32
	EndGlobalSection
	GlobalSection(SolutionProperties) = preSolution
		HideSolutionNode = FALSE
	EndGlobalSection
	GlobalSection(ExtensibilityGlobals) = postSolution
		SolutionGuid = {E5499A28-9A66-4DDB-98BE-BCA7F4363C20}
	EndGlobalSection
EndGlobal
