
Microsoft Visual Studio Solution File, Format Version 12.00
# Visual Studio 15
VisualStudioVersion = 15.0.27428.2037
MinimumVisualStudioVersion = 10.0.40219.1
Project("{8BC9CEB8-8B4A-11D0-8D11-00A0C91BC942}") = "Potekhina Vera - Insertion sort", "Potekhina Vera - Insertion sort\Potekhina Vera - Insertion sort.vcxproj", "{75907393-C794-4418-87B4-89B25B2097C5}"
EndProject
Global
	GlobalSection(SolutionConfigurationPlatforms) = preSolution
		Debug|x64 = Debug|x64
		Debug|x86 = Debug|x86
		Release|x64 = Release|x64
		Release|x86 = Release|x86
	EndGlobalSection
	GlobalSection(ProjectConfigurationPlatforms) = postSolution
		{75907393-C794-4418-87B4-89B25B2097C5}.Debug|x64.ActiveCfg = Debug|x64
		{75907393-C794-4418-87B4-89B25B2097C5}.Debug|x64.Build.0 = Debug|x64
		{75907393-C794-4418-87B4-89B25B2097C5}.Debug|x86.ActiveCfg = Debug|Win32
		{75907393-C794-4418-87B4-89B25B2097C5}.Debug|x86.Build.0 = Debug|Win32
		{75907393-C794-4418-87B4-89B25B2097C5}.Release|x64.ActiveCfg = Release|x64
		{75907393-C794-4418-87B4-89B25B2097C5}.Release|x64.Build.0 = Release|x64
		{75907393-C794-4418-87B4-89B25B2097C5}.Release|x86.ActiveCfg = Release|Win32
		{75907393-C794-4418-87B4-89B25B2097C5}.Release|x86.Build.0 = Release|Win32
	EndGlobalSection
	GlobalSection(SolutionProperties) = preSolution
		HideSolutionNode = FALSE
	EndGlobalSection
	GlobalSection(ExtensibilityGlobals) = postSolution
		SolutionGuid = {6BB3842E-4F4E-432A-82A0-52ACA4522F17}
	EndGlobalSection
EndGlobal
